// !$*UTF8*$!
{
	archiveVersion = 1;
	classes = {
	};
	objectVersion = 46;
	objects = {

/* Begin PBXBuildFile section */
		2A26DE391DA69810009CD513 /* AppDelegate.swift in Sources */ = {isa = PBXBuildFile; fileRef = 2A26DE381DA69810009CD513 /* AppDelegate.swift */; };
		2A26DE3B1DA69810009CD513 /* PokedexController.swift in Sources */ = {isa = PBXBuildFile; fileRef = 2A26DE3A1DA69810009CD513 /* PokedexController.swift */; };
		2A26DE3E1DA69810009CD513 /* Main.storyboard in Resources */ = {isa = PBXBuildFile; fileRef = 2A26DE3C1DA69810009CD513 /* Main.storyboard */; };
		2A26DE401DA69810009CD513 /* Assets.xcassets in Resources */ = {isa = PBXBuildFile; fileRef = 2A26DE3F1DA69810009CD513 /* Assets.xcassets */; };
		2A26DE431DA69810009CD513 /* LaunchScreen.storyboard in Resources */ = {isa = PBXBuildFile; fileRef = 2A26DE411DA69810009CD513 /* LaunchScreen.storyboard */; };
		2A26DE4B1DA6999B009CD513 /* pokemon.csv in Resources */ = {isa = PBXBuildFile; fileRef = 2A26DE4A1DA6999B009CD513 /* pokemon.csv */; };
		2A26DE4D1DA69A71009CD513 /* csv.swift in Sources */ = {isa = PBXBuildFile; fileRef = 2A26DE4C1DA69A71009CD513 /* csv.swift */; };
		2A26DE4F1DA6A008009CD513 /* Pokemon.swift in Sources */ = {isa = PBXBuildFile; fileRef = 2A26DE4E1DA6A008009CD513 /* Pokemon.swift */; };
		2A26DE531DA6A158009CD513 /* PokemonCell.swift in Sources */ = {isa = PBXBuildFile; fileRef = 2A26DE521DA6A158009CD513 /* PokemonCell.swift */; };
		2A26DE591DA7EB32009CD513 /* Pokemon Solid.ttf in Resources */ = {isa = PBXBuildFile; fileRef = 2A26DE581DA7EB32009CD513 /* Pokemon Solid.ttf */; };
		2A26DE5C1DA7EC3A009CD513 /* music.mp3 in Resources */ = {isa = PBXBuildFile; fileRef = 2A26DE5B1DA7EC3A009CD513 /* music.mp3 */; };
		2A26DE601DA81D23009CD513 /* DetailViewController.swift in Sources */ = {isa = PBXBuildFile; fileRef = 2A26DE5F1DA81D23009CD513 /* DetailViewController.swift */; };
/* End PBXBuildFile section */

/* Begin PBXFileReference section */
		2A26DE351DA69810009CD513 /* pokedex3.app */ = {isa = PBXFileReference; explicitFileType = wrapper.application; includeInIndex = 0; path = pokedex3.app; sourceTree = BUILT_PRODUCTS_DIR; };
		2A26DE381DA69810009CD513 /* AppDelegate.swift */ = {isa = PBXFileReference; lastKnownFileType = sourcecode.swift; path = AppDelegate.swift; sourceTree = "<group>"; };
		2A26DE3A1DA69810009CD513 /* PokedexController.swift */ = {isa = PBXFileReference; lastKnownFileType = sourcecode.swift; path = PokedexController.swift; sourceTree = "<group>"; };
		2A26DE3D1DA69810009CD513 /* Base */ = {isa = PBXFileReference; lastKnownFileType = file.storyboard; name = Base; path = Base.lproj/Main.storyboard; sourceTree = "<group>"; };
		2A26DE3F1DA69810009CD513 /* Assets.xcassets */ = {isa = PBXFileReference; lastKnownFileType = folder.assetcatalog; path = Assets.xcassets; sourceTree = "<group>"; };
		2A26DE421DA69810009CD513 /* Base */ = {isa = PBXFileReference; lastKnownFileType = file.storyboard; name = Base; path = Base.lproj/LaunchScreen.storyboard; sourceTree = "<group>"; };
		2A26DE441DA69810009CD513 /* Info.plist */ = {isa = PBXFileReference; lastKnownFileType = text.plist.xml; path = Info.plist; sourceTree = "<group>"; };
		2A26DE4A1DA6999B009CD513 /* pokemon.csv */ = {isa = PBXFileReference; fileEncoding = 4; lastKnownFileType = text; name = pokemon.csv; path = "../../../../Downloads/pokeapi-master/data/v1/pokemon.csv"; sourceTree = "<group>"; };
		2A26DE4C1DA69A71009CD513 /* csv.swift */ = {isa = PBXFileReference; fileEncoding = 4; lastKnownFileType = sourcecode.swift; path = csv.swift; sourceTree = "<group>"; };
		2A26DE4E1DA6A008009CD513 /* Pokemon.swift */ = {isa = PBXFileReference; fileEncoding = 4; lastKnownFileType = sourcecode.swift; path = Pokemon.swift; sourceTree = "<group>"; };
		2A26DE521DA6A158009CD513 /* PokemonCell.swift */ = {isa = PBXFileReference; fileEncoding = 4; lastKnownFileType = sourcecode.swift; path = PokemonCell.swift; sourceTree = "<group>"; };
		2A26DE581DA7EB32009CD513 /* Pokemon Solid.ttf */ = {isa = PBXFileReference; lastKnownFileType = file; path = "Pokemon Solid.ttf"; sourceTree = "<group>"; };
		2A26DE5B1DA7EC3A009CD513 /* music.mp3 */ = {isa = PBXFileReference; lastKnownFileType = audio.mp3; path = music.mp3; sourceTree = "<group>"; };
		2A26DE5F1DA81D23009CD513 /* DetailViewController.swift */ = {isa = PBXFileReference; fileEncoding = 4; lastKnownFileType = sourcecode.swift; path = DetailViewController.swift; sourceTree = "<group>"; };
/* End PBXFileReference section */

/* Begin PBXFrameworksBuildPhase section */
		2A26DE321DA69810009CD513 /* Frameworks */ = {
			isa = PBXFrameworksBuildPhase;
			buildActionMask = 2147483647;
			files = (
			);
			runOnlyForDeploymentPostprocessing = 0;
		};
/* End PBXFrameworksBuildPhase section */

/* Begin PBXGroup section */
		2A26DE2C1DA69810009CD513 = {
			isa = PBXGroup;
			children = (
				2A26DE371DA69810009CD513 /* pokedex3 */,
				2A26DE361DA69810009CD513 /* Products */,
			);
			sourceTree = "<group>";
		};
		2A26DE361DA69810009CD513 /* Products */ = {
			isa = PBXGroup;
			children = (
				2A26DE351DA69810009CD513 /* pokedex3.app */,
			);
			name = Products;
			sourceTree = "<group>";
		};
		2A26DE371DA69810009CD513 /* pokedex3 */ = {
			isa = PBXGroup;
			children = (
				2A26DE5A1DA7EB36009CD513 /* Model */,
				2A26DE571DA7EA6C009CD513 /* Controller */,
				2A26DE561DA7EA64009CD513 /* View */,
				2A26DE551DA7EA5D009CD513 /* Util */,
				2A26DE541DA7EA56009CD513 /* Resource */,
				2A26DE381DA69810009CD513 /* AppDelegate.swift */,
				2A26DE3C1DA69810009CD513 /* Main.storyboard */,
				2A26DE3F1DA69810009CD513 /* Assets.xcassets */,
				2A26DE411DA69810009CD513 /* LaunchScreen.storyboard */,
				2A26DE441DA69810009CD513 /* Info.plist */,
			);
			path = pokedex3;
			sourceTree = "<group>";
		};
		2A26DE541DA7EA56009CD513 /* Resource */ = {
			isa = PBXGroup;
			children = (
				2A26DE5B1DA7EC3A009CD513 /* music.mp3 */,
				2A26DE581DA7EB32009CD513 /* Pokemon Solid.ttf */,
				2A26DE4A1DA6999B009CD513 /* pokemon.csv */,
			);
			name = Resource;
			sourceTree = "<group>";
		};
		2A26DE551DA7EA5D009CD513 /* Util */ = {
			isa = PBXGroup;
			children = (
				2A26DE4C1DA69A71009CD513 /* csv.swift */,
			);
			name = Util;
			sourceTree = "<group>";
		};
		2A26DE561DA7EA64009CD513 /* View */ = {
			isa = PBXGroup;
			children = (
				2A26DE521DA6A158009CD513 /* PokemonCell.swift */,
			);
			name = View;
			sourceTree = "<group>";
		};
		2A26DE571DA7EA6C009CD513 /* Controller */ = {
			isa = PBXGroup;
			children = (
				2A26DE3A1DA69810009CD513 /* PokedexController.swift */,
				2A26DE5F1DA81D23009CD513 /* DetailViewController.swift */,
			);
			name = Controller;
			sourceTree = "<group>";
		};
		2A26DE5A1DA7EB36009CD513 /* Model */ = {
			isa = PBXGroup;
			children = (
				2A26DE4E1DA6A008009CD513 /* Pokemon.swift */,
			);
			name = Model;
			sourceTree = "<group>";
		};
/* End PBXGroup section */

/* Begin PBXNativeTarget section */
		2A26DE341DA69810009CD513 /* pokedex3 */ = {
			isa = PBXNativeTarget;
			buildConfigurationList = 2A26DE471DA69810009CD513 /* Build configuration list for PBXNativeTarget "pokedex3" */;
			buildPhases = (
				2A26DE311DA69810009CD513 /* Sources */,
				2A26DE321DA69810009CD513 /* Frameworks */,
				2A26DE331DA69810009CD513 /* Resources */,
			);
			buildRules = (
			);
			dependencies = (
			);
			name = pokedex3;
			productName = pokedex3;
			productReference = 2A26DE351DA69810009CD513 /* pokedex3.app */;
			productType = "com.apple.product-type.application";
		};
/* End PBXNativeTarget section */

/* Begin PBXProject section */
		2A26DE2D1DA69810009CD513 /* Project object */ = {
			isa = PBXProject;
			attributes = {
				LastSwiftUpdateCheck = 0800;
				LastUpgradeCheck = 0800;
				ORGANIZATIONNAME = "Mason Prey";
				TargetAttributes = {
					2A26DE341DA69810009CD513 = {
						CreatedOnToolsVersion = 8.0;
						DevelopmentTeam = TFX2976FEJ;
						LastSwiftMigration = 0800;
						ProvisioningStyle = Automatic;
					};
				};
			};
			buildConfigurationList = 2A26DE301DA69810009CD513 /* Build configuration list for PBXProject "pokedex3" */;
			compatibilityVersion = "Xcode 3.2";
			developmentRegion = English;
			hasScannedForEncodings = 0;
			knownRegions = (
				en,
				Base,
			);
			mainGroup = 2A26DE2C1DA69810009CD513;
			productRefGroup = 2A26DE361DA69810009CD513 /* Products */;
			projectDirPath = "";
			projectRoot = "";
			targets = (
				2A26DE341DA69810009CD513 /* pokedex3 */,
			);
		};
/* End PBXProject section */

/* Begin PBXResourcesBuildPhase section */
		2A26DE331DA69810009CD513 /* Resources */ = {
			isa = PBXResourcesBuildPhase;
			buildActionMask = 2147483647;
			files = (
				2A26DE591DA7EB32009CD513 /* Pokemon Solid.ttf in Resources */,
				2A26DE431DA69810009CD513 /* LaunchScreen.storyboard in Resources */,
				2A26DE5C1DA7EC3A009CD513 /* music.mp3 in Resources */,
				2A26DE401DA69810009CD513 /* Assets.xcassets in Resources */,
				2A26DE4B1DA6999B009CD513 /* pokemon.csv in Resources */,
				2A26DE3E1DA69810009CD513 /* Main.storyboard in Resources */,
			);
			runOnlyForDeploymentPostprocessing = 0;
		};
/* End PBXResourcesBuildPhase section */

/* Begin PBXSourcesBuildPhase section */
		2A26DE311DA69810009CD513 /* Sources */ = {
			isa = PBXSourcesBuildPhase;
			buildActionMask = 2147483647;
			files = (
				2A26DE3B1DA69810009CD513 /* PokedexController.swift in Sources */,
				2A26DE4F1DA6A008009CD513 /* Pokemon.swift in Sources */,
				2A26DE4D1DA69A71009CD513 /* csv.swift in Sources */,
				2A26DE601DA81D23009CD513 /* DetailViewController.swift in Sources */,
				2A26DE391DA69810009CD513 /* AppDelegate.swift in Sources */,
				2A26DE531DA6A158009CD513 /* PokemonCell.swift in Sources */,
			);
			runOnlyForDeploymentPostprocessing = 0;
		};
/* End PBXSourcesBuildPhase section */

/* Begin PBXVariantGroup section */
		2A26DE3C1DA69810009CD513 /* Main.storyboard */ = {
			isa = PBXVariantGroup;
			children = (
				2A26DE3D1DA69810009CD513 /* Base */,
			);
			name = Main.storyboard;
			sourceTree = "<group>";
		};
		2A26DE411DA69810009CD513 /* LaunchScreen.storyboard */ = {
			isa = PBXVariantGroup;
			children = (
				2A26DE421DA69810009CD513 /* Base */,
			);
			name = LaunchScreen.storyboard;
			sourceTree = "<group>";
		};
/* End PBXVariantGroup section */

/* Begin XCBuildConfiguration section */
		2A26DE451DA69810009CD513 /* Debug */ = {
			isa = XCBuildConfiguration;
			buildSettings = {
				ALWAYS_SEARCH_USER_PATHS = NO;
				CLANG_ANALYZER_NONNULL = YES;
				CLANG_CXX_LANGUAGE_STANDARD = "gnu++0x";
				CLANG_CXX_LIBRARY = "libc++";
				CLANG_ENABLE_MODULES = YES;
				CLANG_ENABLE_OBJC_ARC = YES;
				CLANG_WARN_BOOL_CONVERSION = YES;
				CLANG_WARN_CONSTANT_CONVERSION = YES;
				CLANG_WARN_DIRECT_OBJC_ISA_USAGE = YES_ERROR;
				CLANG_WARN_DOCUMENTATION_COMMENTS = YES;
				CLANG_WARN_EMPTY_BODY = YES;
				CLANG_WARN_ENUM_CONVERSION = YES;
				CLANG_WARN_INFINITE_RECURSION = YES;
				CLANG_WARN_INT_CONVERSION = YES;
				CLANG_WARN_OBJC_ROOT_CLASS = YES_ERROR;
				CLANG_WARN_SUSPICIOUS_MOVES = YES;
				CLANG_WARN_UNREACHABLE_CODE = YES;
				CLANG_WARN__DUPLICATE_METHOD_MATCH = YES;
				"CODE_SIGN_IDENTITY[sdk=iphoneos*]" = "iPhone Developer";
				COPY_PHASE_STRIP = NO;
				DEBUG_INFORMATION_FORMAT = dwarf;
				ENABLE_STRICT_OBJC_MSGSEND = YES;
				ENABLE_TESTABILITY = YES;
				GCC_C_LANGUAGE_STANDARD = gnu99;
				GCC_DYNAMIC_NO_PIC = NO;
				GCC_NO_COMMON_BLOCKS = YES;
				GCC_OPTIMIZATION_LEVEL = 0;
				GCC_PREPROCESSOR_DEFINITIONS = (
					"DEBUG=1",
					"$(inherited)",
				);
				GCC_WARN_64_TO_32_BIT_CONVERSION = YES;
				GCC_WARN_ABOUT_RETURN_TYPE = YES_ERROR;
				GCC_WARN_UNDECLARED_SELECTOR = YES;
				GCC_WARN_UNINITIALIZED_AUTOS = YES_AGGRESSIVE;
				GCC_WARN_UNUSED_FUNCTION = YES;
				GCC_WARN_UNUSED_VARIABLE = YES;
				IPHONEOS_DEPLOYMENT_TARGET = 10.0;
				MTL_ENABLE_DEBUG_INFO = YES;
				ONLY_ACTIVE_ARCH = YES;
				SDKROOT = iphoneos;
				SWIFT_ACTIVE_COMPILATION_CONDITIONS = DEBUG;
				SWIFT_OPTIMIZATION_LEVEL = "-Onone";
			};
			name = Debug;
		};
		2A26DE461DA69810009CD513 /* Release */ = {
			isa = XCBuildConfiguration;
			buildSettings = {
				ALWAYS_SEARCH_USER_PATHS = NO;
				CLANG_ANALYZER_NONNULL = YES;
				CLANG_CXX_LANGUAGE_STANDARD = "gnu++0x";
				CLANG_CXX_LIBRARY = "libc++";
				CLANG_ENABLE_MODULES = YES;
				CLANG_ENABLE_OBJC_ARC = YES;
				CLANG_WARN_BOOL_CONVERSION = YES;
				CLANG_WARN_CONSTANT_CONVERSION = YES;
				CLANG_WARN_DIRECT_OBJC_ISA_USAGE = YES_ERROR;
				CLANG_WARN_DOCUMENTATION_COMMENTS = YES;
				CLANG_WARN_EMPTY_BODY = YES;
				CLANG_WARN_ENUM_CONVERSION = YES;
				CLANG_WARN_INFINITE_RECURSION = YES;
				CLANG_WARN_INT_CONVERSION = YES;
				CLANG_WARN_OBJC_ROOT_CLASS = YES_ERROR;
				CLANG_WARN_SUSPICIOUS_MOVES = YES;
				CLANG_WARN_UNREACHABLE_CODE = YES;
				CLANG_WARN__DUPLICATE_METHOD_MATCH = YES;
				"CODE_SIGN_IDENTITY[sdk=iphoneos*]" = "iPhone Developer";
				COPY_PHASE_STRIP = NO;
				DEBUG_INFORMATION_FORMAT = "dwarf-with-dsym";
				ENABLE_NS_ASSERTIONS = NO;
				ENABLE_STRICT_OBJC_MSGSEND = YES;
				GCC_C_LANGUAGE_STANDARD = gnu99;
				GCC_NO_COMMON_BLOCKS = YES;
				GCC_WARN_64_TO_32_BIT_CONVERSION = YES;
				GCC_WARN_ABOUT_RETURN_TYPE = YES_ERROR;
				GCC_WARN_UNDECLARED_SELECTOR = YES;
				GCC_WARN_UNINITIALIZED_AUTOS = YES_AGGRESSIVE;
				GCC_WARN_UNUSED_FUNCTION = YES;
				GCC_WARN_UNUSED_VARIABLE = YES;
				IPHONEOS_DEPLOYMENT_TARGET = 10.0;
				MTL_ENABLE_DEBUG_INFO = NO;
				SDKROOT = iphoneos;
				SWIFT_OPTIMIZATION_LEVEL = "-Owholemodule";
				VALIDATE_PRODUCT = YES;
			};
			name = Release;
		};
		2A26DE481DA69810009CD513 /* Debug */ = {
			isa = XCBuildConfiguration;
			buildSettings = {
				ASSETCATALOG_COMPILER_APPICON_NAME = AppIcon;
				DEVELOPMENT_TEAM = TFX2976FEJ;
				INFOPLIST_FILE = pokedex3/Info.plist;
				LD_RUNPATH_SEARCH_PATHS = "$(inherited) @executable_path/Frameworks";
				PRODUCT_BUNDLE_IDENTIFIER = com.mprey.pokedex3;
				PRODUCT_NAME = "$(TARGET_NAME)";
				SWIFT_VERSION = 3.0;
			};
			name = Debug;
		};
		2A26DE491DA69810009CD513 /* Release */ = {
			isa = XCBuildConfiguration;
			buildSettings = {
				ASSETCATALOG_COMPILER_APPICON_NAME = AppIcon;
				DEVELOPMENT_TEAM = TFX2976FEJ;
				INFOPLIST_FILE = pokedex3/Info.plist;
				LD_RUNPATH_SEARCH_PATHS = "$(inherited) @executable_path/Frameworks";
				PRODUCT_BUNDLE_IDENTIFIER = com.mprey.pokedex3;
				PRODUCT_NAME = "$(TARGET_NAME)";
				SWIFT_VERSION = 3.0;
			};
			name = Release;
		};
/* End XCBuildConfiguration section */

/* Begin XCConfigurationList section */
		2A26DE301DA69810009CD513 /* Build configuration list for PBXProject "pokedex3" */ = {
			isa = XCConfigurationList;
			buildConfigurations = (
				2A26DE451DA69810009CD513 /* Debug */,
				2A26DE461DA69810009CD513 /* Release */,
			);
			defaultConfigurationIsVisible = 0;
			defaultConfigurationName = Release;
		};
		2A26DE471DA69810009CD513 /* Build configuration list for PBXNativeTarget "pokedex3" */ = {
			isa = XCConfigurationList;
			buildConfigurations = (
				2A26DE481DA69810009CD513 /* Debug */,
				2A26DE491DA69810009CD513 /* Release */,
			);
			defaultConfigurationIsVisible = 0;
			defaultConfigurationName = Release;
		};
/* End XCConfigurationList section */
	};
	rootObject = 2A26DE2D1DA69810009CD513 /* Project object */;
}
